
Microsoft Visual Studio Solution File, Format Version 12.00
# Visual Studio Version 17
VisualStudioVersion = 17.14.36310.24 d17.14
MinimumVisualStudioVersion = 10.0.40219.1
Project("{FAE04EC0-301F-11D3-BF4B-00C04F79EFBC}") = "BleTextSender", "BleTextSender.csproj", "{CC437202-AC71-EA80-2A41-9DD9C1D2138E}"
EndProject
Global
	GlobalSection(SolutionConfigurationPlatforms) = preSolution
		Debug|Any CPU = Debug|Any CPU
		Release|Any CPU = Release|Any CPU
	EndGlobalSection
	GlobalSection(ProjectConfigurationPlatforms) = postSolution
		{CC437202-AC71-EA80-2A41-9DD9C1D2138E}.Debug|Any CPU.ActiveCfg = Debug|Any CPU
		{CC437202-AC71-EA80-2A41-9DD9C1D2138E}.Debug|Any CPU.Build.0 = Debug|Any CPU
		{CC437202-AC71-EA80-2A41-9DD9C1D2138E}.Debug|Any CPU.Deploy.0 = Debug|Any CPU
		{CC437202-AC71-EA80-2A41-9DD9C1D2138E}.Release|Any CPU.ActiveCfg = Release|Any CPU
		{CC437202-AC71-EA80-2A41-9DD9C1D2138E}.Release|Any CPU.Build.0 = Release|Any CPU
	EndGlobalSection
	GlobalSection(SolutionProperties) = preSolution
		HideSolutionNode = FALSE
	EndGlobalSection
	GlobalSection(ExtensibilityGlobals) = postSolution
		SolutionGuid = {74FB425F-FA36-4E33-AE96-5B18EF5C5EB0}
	EndGlobalSection
EndGlobal
